Microsoft Visual Studio Solution File, Format Version 12.00
# Visual Studio Version 17
VisualStudioVersion = 17.0.31903.59
MinimumVisualStudioVersion = 10.0.40219.1
Project("{FAE04EC0-301F-11D3-BF4B-00C04F79EFBC}") = "PixelHeroes.Homm2.TileDumper", "PixelHeroes.Homm2.TileDumper.csproj", "{9C92B01B-A3B5-4D18-8D06-7F1E04D7508A}"
EndProject
Project("{FAE04EC0-301F-11D3-BF4B-00C04F79EFBC}") = "PixelHeroes.Homm2", "..\..\PixelHeroes.Homm2\PixelHeroes.Homm2.csproj", "{A61F16C5-7416-4DC1-927D-7C3C3FF3D40E}"
EndProject
Project("{FAE04EC0-301F-11D3-BF4B-00C04F79EFBC}") = "PixelHeroes.Core", "..\..\PixelHeroes.Core\PixelHeroes.Core.csproj", "{2F5B890E-B301-420D-845A-5A26DE9C4410}"
EndProject
Global
	GlobalSection(SolutionConfigurationPlatforms) = preSolution
		Debug|Any CPU = Debug|Any CPU
		Release|Any CPU = Release|Any CPU
	EndGlobalSection
	GlobalSection(ProjectConfigurationPlatforms) = postSolution
		{9C92B01B-A3B5-4D18-8D06-7F1E04D7508A}.Debug|Any CPU.ActiveCfg = Debug|Any CPU
		{9C92B01B-A3B5-4D18-8D06-7F1E04D7508A}.Debug|Any CPU.Build.0 = Debug|Any CPU
		{9C92B01B-A3B5-4D18-8D06-7F1E04D7508A}.Release|Any CPU.ActiveCfg = Release|Any CPU
		{9C92B01B-A3B5-4D18-8D06-7F1E04D7508A}.Release|Any CPU.Build.0 = Release|Any CPU
		{A61F16C5-7416-4DC1-927D-7C3C3FF3D40E}.Debug|Any CPU.ActiveCfg = Debug|Any CPU
		{A61F16C5-7416-4DC1-927D-7C3C3FF3D40E}.Debug|Any CPU.Build.0 = Debug|Any CPU
		{A61F16C5-7416-4DC1-927D-7C3C3FF3D40E}.Release|Any CPU.ActiveCfg = Release|Any CPU
		{A61F16C5-7416-4DC1-927D-7C3C3FF3D40E}.Release|Any CPU.Build.0 = Release|Any CPU
		{2F5B890E-B301-420D-845A-5A26DE9C4410}.Debug|Any CPU.ActiveCfg = Debug|Any CPU
		{2F5B890E-B301-420D-845A-5A26DE9C4410}.Debug|Any CPU.Build.0 = Debug|Any CPU
		{2F5B890E-B301-420D-845A-5A26DE9C4410}.Release|Any CPU.ActiveCfg = Release|Any CPU
		{2F5B890E-B301-420D-845A-5A26DE9C4410}.Release|Any CPU.Build.0 = Release|Any CPU
	EndGlobalSection
	GlobalSection(SolutionProperties) = preSolution
		HideSolutionNode = FALSE
	EndGlobalSection
EndGlobal
